
Microsoft Visual Studio Solution File, Format Version 12.00
# Visual Studio Version 17
VisualStudioVersion = 17.4.33213.308
MinimumVisualStudioVersion = 10.0.40219.1
Project("{2150E333-8FDC-42A3-9474-1A3956D46DE8}") = "Solution Items", "Solution Items", "{2FF9BB16-3835-4BAF-BD23-56EB4C96A2E3}"
	ProjectSection(SolutionItems) = preProject
		index.html = index.html
		styles.css = styles.css
	EndProjectSection
EndProject
Global
	GlobalSection(SolutionProperties) = preSolution
		HideSolutionNode = FALSE
	EndGlobalSection
	GlobalSection(ExtensibilityGlobals) = postSolution
		SolutionGuid = {04067887-65FE-4F2C-9079-3671D0024E53}
	EndGlobalSection
EndGlobal
